
Microsoft Visual Studio Solution File, Format Version 12.00
# Visual Studio 15
VisualStudioVersion = 15.0.28307.572
MinimumVisualStudioVersion = 10.0.40219.1
Project("{9A19103F-16F7-4668-BE54-9A1E7A4F7556}") = "ECPay.SDK", "ECPay.SDK\ECPay.SDK.csproj", "{A7DD7F69-D820-4ACE-8C58-71B466D4175A}"
EndProject
Project("{FAE04EC0-301F-11D3-BF4B-00C04F79EFBC}") = "ECPay.SDK.Logistics", "ECPay.SDK.Logistics\ECPay.SDK.Logistics.csproj", "{6B2A514D-D3DC-4FA0-88C2-C543347D252E}"
EndProject
Project("{2150E333-8FDC-42A3-9474-1A3956D46DE8}") = "Library", "Library", "{812CA387-7239-44E7-9422-FE06D7322AB1}"
EndProject
Project("{2150E333-8FDC-42A3-9474-1A3956D46DE8}") = "Test", "Test", "{DE41295F-2F69-4BA3-A115-E8EC739B93FD}"
EndProject
Project("{2150E333-8FDC-42A3-9474-1A3956D46DE8}") = "Web", "Web", "{E5B00665-31DA-449E-9D2C-C350EE06DF8B}"
EndProject
Project("{FAE04EC0-301F-11D3-BF4B-00C04F79EFBC}") = "ECPay.SDK.Logistics.Tests", "ECPay.SDK.Logistics.Tests\ECPay.SDK.Logistics.Tests.csproj", "{6AE0AEBC-3621-475B-B4FE-744D5D987EB0}"
EndProject
Project("{FAE04EC0-301F-11D3-BF4B-00C04F79EFBC}") = "ECPay.SDK.Web", "ECPay.SDK.Web\ECPay.SDK.Web.csproj", "{B7652857-574E-4D73-B3EF-1F03D8D4F12D}"
EndProject
Project("{FAE04EC0-301F-11D3-BF4B-00C04F79EFBC}") = "ECPay.SDK.Einvoice", "ECPay.SDK.Einvoice\ECPay.SDK.Einvoice.csproj", "{D0E48B36-7787-4191-A1B0-DC85BFB912EF}"
EndProject
Project("{FAE04EC0-301F-11D3-BF4B-00C04F79EFBC}") = "ECPay.SDK.Einvoice.Tests", "ECPay.SDK.Einvoice.Tests\ECPay.SDK.Einvoice.Tests.csproj", "{FCCDED81-933A-45C6-BD4D-4D47DBFF27BD}"
EndProject
Global
	GlobalSection(SolutionConfigurationPlatforms) = preSolution
		Debug|Any CPU = Debug|Any CPU
		Release|Any CPU = Release|Any CPU
	EndGlobalSection
	GlobalSection(ProjectConfigurationPlatforms) = postSolution
		{A7DD7F69-D820-4ACE-8C58-71B466D4175A}.Debug|Any CPU.ActiveCfg = Debug|Any CPU
		{A7DD7F69-D820-4ACE-8C58-71B466D4175A}.Debug|Any CPU.Build.0 = Debug|Any CPU
		{A7DD7F69-D820-4ACE-8C58-71B466D4175A}.Release|Any CPU.ActiveCfg = Release|Any CPU
		{A7DD7F69-D820-4ACE-8C58-71B466D4175A}.Release|Any CPU.Build.0 = Release|Any CPU
		{6B2A514D-D3DC-4FA0-88C2-C543347D252E}.Debug|Any CPU.ActiveCfg = Debug|Any CPU
		{6B2A514D-D3DC-4FA0-88C2-C543347D252E}.Debug|Any CPU.Build.0 = Debug|Any CPU
		{6B2A514D-D3DC-4FA0-88C2-C543347D252E}.Release|Any CPU.ActiveCfg = Release|Any CPU
		{6B2A514D-D3DC-4FA0-88C2-C543347D252E}.Release|Any CPU.Build.0 = Release|Any CPU
		{6AE0AEBC-3621-475B-B4FE-744D5D987EB0}.Debug|Any CPU.ActiveCfg = Debug|Any CPU
		{6AE0AEBC-3621-475B-B4FE-744D5D987EB0}.Debug|Any CPU.Build.0 = Debug|Any CPU
		{6AE0AEBC-3621-475B-B4FE-744D5D987EB0}.Release|Any CPU.ActiveCfg = Release|Any CPU
		{6AE0AEBC-3621-475B-B4FE-744D5D987EB0}.Release|Any CPU.Build.0 = Release|Any CPU
		{B7652857-574E-4D73-B3EF-1F03D8D4F12D}.Debug|Any CPU.ActiveCfg = Debug|Any CPU
		{B7652857-574E-4D73-B3EF-1F03D8D4F12D}.Debug|Any CPU.Build.0 = Debug|Any CPU
		{B7652857-574E-4D73-B3EF-1F03D8D4F12D}.Release|Any CPU.ActiveCfg = Release|Any CPU
		{B7652857-574E-4D73-B3EF-1F03D8D4F12D}.Release|Any CPU.Build.0 = Release|Any CPU
		{D0E48B36-7787-4191-A1B0-DC85BFB912EF}.Debug|Any CPU.ActiveCfg = Debug|Any CPU
		{D0E48B36-7787-4191-A1B0-DC85BFB912EF}.Debug|Any CPU.Build.0 = Debug|Any CPU
		{D0E48B36-7787-4191-A1B0-DC85BFB912EF}.Release|Any CPU.ActiveCfg = Release|Any CPU
		{D0E48B36-7787-4191-A1B0-DC85BFB912EF}.Release|Any CPU.Build.0 = Release|Any CPU
		{FCCDED81-933A-45C6-BD4D-4D47DBFF27BD}.Debug|Any CPU.ActiveCfg = Debug|Any CPU
		{FCCDED81-933A-45C6-BD4D-4D47DBFF27BD}.Debug|Any CPU.Build.0 = Debug|Any CPU
		{FCCDED81-933A-45C6-BD4D-4D47DBFF27BD}.Release|Any CPU.ActiveCfg = Release|Any CPU
		{FCCDED81-933A-45C6-BD4D-4D47DBFF27BD}.Release|Any CPU.Build.0 = Release|Any CPU
	EndGlobalSection
	GlobalSection(SolutionProperties) = preSolution
		HideSolutionNode = FALSE
	EndGlobalSection
	GlobalSection(NestedProjects) = preSolution
		{A7DD7F69-D820-4ACE-8C58-71B466D4175A} = {812CA387-7239-44E7-9422-FE06D7322AB1}
		{6B2A514D-D3DC-4FA0-88C2-C543347D252E} = {812CA387-7239-44E7-9422-FE06D7322AB1}
		{6AE0AEBC-3621-475B-B4FE-744D5D987EB0} = {DE41295F-2F69-4BA3-A115-E8EC739B93FD}
		{B7652857-574E-4D73-B3EF-1F03D8D4F12D} = {E5B00665-31DA-449E-9D2C-C350EE06DF8B}
		{D0E48B36-7787-4191-A1B0-DC85BFB912EF} = {812CA387-7239-44E7-9422-FE06D7322AB1}
		{FCCDED81-933A-45C6-BD4D-4D47DBFF27BD} = {DE41295F-2F69-4BA3-A115-E8EC739B93FD}
	EndGlobalSection
	GlobalSection(ExtensibilityGlobals) = postSolution
		SolutionGuid = {B040DE59-3DE2-4D28-9B85-08AB3BB5979F}
	EndGlobalSection
EndGlobal
